{
  "name": "@anokye-labs/kbx",
  "version": "0.1.0",
  "lockfileVersion": 3,
  "requires": true,
  "packages": {
    "": {
      "name": "@anokye-labs/kbx",
      "version": "0.1.0",
      "license": "MIT",
      "dependencies": {
        "@anokye-labs/kbexplorer-core": "github:anokye-labs/kbexplorer-core#v0.3.0",
        "@anokye-labs/kbexplorer-provider-rich-markdown": "github:anokye-labs/kbexplorer-provider-rich-markdown#v0.1.0"
      },
      "bin": {
        "kbx": "bin/cli.js"
      },
      "engines": {
        "node": ">=22"
      }
    },
    "node_modules/@anokye-labs/kbexplorer-core": {
      "version": "0.3.0",
      "resolved": "git+ssh://git@github.com/anokye-labs/kbexplorer-core.git#fcac305422f168916bbf66401a57202de835fd52",
      "license": "MIT",
      "engines": {
        "node": ">=20"
      }
    },
    "node_modules/@anokye-labs/kbexplorer-provider-rich-markdown": {
      "version": "0.1.0",
      "resolved": "git+ssh://git@github.com/anokye-labs/kbexplorer-provider-rich-markdown.git#4598517067c5e7849f2b3ed33fa22c89c7b5f3c4",
      "license": "MIT",
      "dependencies": {
        "@anokye-labs/kbexplorer-core": "github:anokye-labs/kbexplorer-core#v0.1.0"
      },
      "engines": {
        "node": ">=22"
      }
    }
  }
}
