{
  "name": "@anokye-labs/kbx",
  "version": "0.1.0",
  "lockfileVersion": 3,
  "requires": true,
  "packages": {
    "": {
      "name": "@anokye-labs/kbx",
      "version": "0.1.0",
      "license": "MIT",
      "dependencies": {
        "@anokye-labs/kbexplorer-core": "git+https://github.com/anokye-labs/kbexplorer-core.git#3fb5086ee8596c1a9a7b12914007d13576747000"
      },
      "bin": {
        "kbx": "bin/cli.js"
      },
      "engines": {
        "node": ">=22"
      }
    },
    "node_modules/@anokye-labs/kbexplorer-core": {
      "version": "0.0.0",
      "resolved": "git+ssh://git@github.com/anokye-labs/kbexplorer-core.git#3fb5086ee8596c1a9a7b12914007d13576747000",
      "integrity": "sha512-ozDv/i9tOj+ob2JHRdtsaQyhtnFeVsk9haCIrcgHhscxNA9KsveOZzKYGq+N+Bu4z9pwX3QuKtGhC2VS66Gx9A==",
      "license": "MIT",
      "engines": {
        "node": ">=20"
      }
    }
  }
}
